
Microsoft Visual Studio Solution File, Format Version 12.00
# Visual Studio Version 16
VisualStudioVersion = 16.0.30104.148
MinimumVisualStudioVersion = 10.0.40219.1
Project("{9A19103F-16F7-4668-BE54-9A1E7A4F7556}") = "FlightMobileWeb", "FlightMobileApp\FlightMobileWeb.csproj", "{989B73E5-A4AE-420C-8F47-C17BBD4FC89B}"
EndProject
Global
	GlobalSection(SolutionConfigurationPlatforms) = preSolution
		Debug|Any CPU = Debug|Any CPU
		Release|Any CPU = Release|Any CPU
	EndGlobalSection
	GlobalSection(ProjectConfigurationPlatforms) = postSolution
		{989B73E5-A4AE-420C-8F47-C17BBD4FC89B}.Debug|Any CPU.ActiveCfg = Debug|Any CPU
		{989B73E5-A4AE-420C-8F47-C17BBD4FC89B}.Debug|Any CPU.Build.0 = Debug|Any CPU
		{989B73E5-A4AE-420C-8F47-C17BBD4FC89B}.Release|Any CPU.ActiveCfg = Release|Any CPU
		{989B73E5-A4AE-420C-8F47-C17BBD4FC89B}.Release|Any CPU.Build.0 = Release|Any CPU
	EndGlobalSection
	GlobalSection(SolutionProperties) = preSolution
		HideSolutionNode = FALSE
	EndGlobalSection
	GlobalSection(ExtensibilityGlobals) = postSolution
		SolutionGuid = {80DE22D4-57C2-480B-9404-1E93888882E8}
	EndGlobalSection
EndGlobal
